
Microsoft Visual Studio Solution File, Format Version 12.00
# Visual Studio 14
VisualStudioVersion = 14.0.24720.0
MinimumVisualStudioVersion = 10.0.40219.1
Project("{2150E333-8FDC-42A3-9474-1A3956D46DE8}") = "src", "src", "{247824AF-91F5-45EE-BEBA-AD79176A8A90}"
EndProject
Project("{2150E333-8FDC-42A3-9474-1A3956D46DE8}") = "Solution Items", "Solution Items", "{F93017CF-F99D-4593-941D-DAFDA3B2AC14}"
	ProjectSection(SolutionItems) = preProject
		global.json = global.json
	EndProjectSection
EndProject
Project("{8BB2217D-0F2D-49D1-97BC-3654ED321F3B}") = "TheWorld", "src\TheWorld\TheWorld.xproj", "{EBA8E6C2-7E2D-44A3-834F-56233B63C30E}"
EndProject
Global
	GlobalSection(SolutionConfigurationPlatforms) = preSolution
		Debug|Any CPU = Debug|Any CPU
		Release|Any CPU = Release|Any CPU
	EndGlobalSection
	GlobalSection(ProjectConfigurationPlatforms) = postSolution
		{EBA8E6C2-7E2D-44A3-834F-56233B63C30E}.Debug|Any CPU.ActiveCfg = Debug|Any CPU
		{EBA8E6C2-7E2D-44A3-834F-56233B63C30E}.Debug|Any CPU.Build.0 = Debug|Any CPU
		{EBA8E6C2-7E2D-44A3-834F-56233B63C30E}.Release|Any CPU.ActiveCfg = Release|Any CPU
		{EBA8E6C2-7E2D-44A3-834F-56233B63C30E}.Release|Any CPU.Build.0 = Release|Any CPU
	EndGlobalSection
	GlobalSection(SolutionProperties) = preSolution
		HideSolutionNode = FALSE
	EndGlobalSection
	GlobalSection(NestedProjects) = preSolution
		{EBA8E6C2-7E2D-44A3-834F-56233B63C30E} = {247824AF-91F5-45EE-BEBA-AD79176A8A90}
	EndGlobalSection
EndGlobal
